
Microsoft Visual Studio Solution File, Format Version 12.00
# Visual Studio 15
VisualStudioVersion = 15.0.27130.2027
MinimumVisualStudioVersion = 10.0.40219.1
Project("{FAE04EC0-301F-11D3-BF4B-00C04F79EFBC}") = "AiTestForTraining", "AiTestForTraining\AiTestForTraining.csproj", "{C00114B0-DE1D-401A-90B6-485B4386E148}"
EndProject
Global
	GlobalSection(SolutionConfigurationPlatforms) = preSolution
		Debug|Any CPU = Debug|Any CPU
		Release|Any CPU = Release|Any CPU
	EndGlobalSection
	GlobalSection(ProjectConfigurationPlatforms) = postSolution
		{C00114B0-DE1D-401A-90B6-485B4386E148}.Debug|Any CPU.ActiveCfg = Debug|Any CPU
		{C00114B0-DE1D-401A-90B6-485B4386E148}.Debug|Any CPU.Build.0 = Debug|Any CPU
		{C00114B0-DE1D-401A-90B6-485B4386E148}.Release|Any CPU.ActiveCfg = Release|Any CPU
		{C00114B0-DE1D-401A-90B6-485B4386E148}.Release|Any CPU.Build.0 = Release|Any CPU
	EndGlobalSection
	GlobalSection(SolutionProperties) = preSolution
		HideSolutionNode = FALSE
	EndGlobalSection
	GlobalSection(ExtensibilityGlobals) = postSolution
		SolutionGuid = {0CE674A9-EAF0-45B4-AF97-7824C8CC0C1D}
	EndGlobalSection
EndGlobal
